// !$*UTF8*$!
{
	archiveVersion = 1;
	classes = {
	};
	objectVersion = 50;
	objects = {

/* Begin PBXBuildFile section */
		8322DF0B20D0C2F5003F7541 /* ErrorDisplayerView.swift in Sources */ = {isa = PBXBuildFile; fileRef = 8322DF0A20D0C2F5003F7541 /* ErrorDisplayerView.swift */; };
		8322DF0D20D0CAB8003F7541 /* LoginRouter.swift in Sources */ = {isa = PBXBuildFile; fileRef = 8322DF0C20D0CAB8003F7541 /* LoginRouter.swift */; };
		834F9D5120D31FAC0052D9EC /* ShortenerViewController.swift in Sources */ = {isa = PBXBuildFile; fileRef = 834F9D5020D31FAC0052D9EC /* ShortenerViewController.swift */; };
		834F9D5320D31FBF0052D9EC /* ShortenerPresenter.swift in Sources */ = {isa = PBXBuildFile; fileRef = 834F9D5220D31FBF0052D9EC /* ShortenerPresenter.swift */; };
		834F9D5520D320340052D9EC /* ShortenerViewModels.swift in Sources */ = {isa = PBXBuildFile; fileRef = 834F9D5420D320340052D9EC /* ShortenerViewModels.swift */; };
		834F9D5A20D323A10052D9EC /* ShortenerRouter.swift in Sources */ = {isa = PBXBuildFile; fileRef = 834F9D5920D323A10052D9EC /* ShortenerRouter.swift */; };
		834F9D5D20D326090052D9EC /* GetShortenerUrlError.swift in Sources */ = {isa = PBXBuildFile; fileRef = 834F9D5C20D326090052D9EC /* GetShortenerUrlError.swift */; };
		834F9D5F20D326B10052D9EC /* ErrorPresenter.swift in Sources */ = {isa = PBXBuildFile; fileRef = 834F9D5E20D326B10052D9EC /* ErrorPresenter.swift */; };
		834F9D6220D329830052D9EC /* HTTPError.swift in Sources */ = {isa = PBXBuildFile; fileRef = 834F9D6120D329830052D9EC /* HTTPError.swift */; };
		834F9D6520D33B910052D9EC /* Result.swift in Sources */ = {isa = PBXBuildFile; fileRef = 834F9D6420D33B910052D9EC /* Result.swift */; };
		834F9D6720D33EB30052D9EC /* DependencyInjection.swift in Sources */ = {isa = PBXBuildFile; fileRef = 834F9D6620D33EB30052D9EC /* DependencyInjection.swift */; };
		834F9D6920D33ED80052D9EC /* ShortenerConfigurator.swift in Sources */ = {isa = PBXBuildFile; fileRef = 834F9D6820D33ED80052D9EC /* ShortenerConfigurator.swift */; };
		834F9D6D20D341890052D9EC /* Swinject+DependencyInjection.swift in Sources */ = {isa = PBXBuildFile; fileRef = 834F9D6C20D341890052D9EC /* Swinject+DependencyInjection.swift */; };
		83769A6D20D3CEDF00E1BE5D /* IQKeyboardManager.framework in Frameworks */ = {isa = PBXBuildFile; fileRef = 83769A6B20D3CEDF00E1BE5D /* IQKeyboardManager.framework */; };
		83769A6E20D3CEDF00E1BE5D /* IQKeyboardManagerSwift.framework in Frameworks */ = {isa = PBXBuildFile; fileRef = 83769A6C20D3CEDF00E1BE5D /* IQKeyboardManagerSwift.framework */; };
		83769A7320D3DC0000E1BE5D /* JSONEncoding.swift in Sources */ = {isa = PBXBuildFile; fileRef = 83769A7220D3DC0000E1BE5D /* JSONEncoding.swift */; };
		83769A7620D3E14000E1BE5D /* Moya+Decodable.swift in Sources */ = {isa = PBXBuildFile; fileRef = 83769A7520D3E14000E1BE5D /* Moya+Decodable.swift */; };
		838A943D20CCCFDB007EBC2C /* RxBlocking.framework in Frameworks */ = {isa = PBXBuildFile; fileRef = 83DA7D9C20CCCBDE001B2002 /* RxBlocking.framework */; };
		838A943E20CCCFDB007EBC2C /* RxCocoa.framework in Frameworks */ = {isa = PBXBuildFile; fileRef = 83DA7D9920CCCBDD001B2002 /* RxCocoa.framework */; };
		838A943F20CCCFDB007EBC2C /* RxSwift.framework in Frameworks */ = {isa = PBXBuildFile; fileRef = 83DA7D9A20CCCBDD001B2002 /* RxSwift.framework */; };
		838A944A20CCDE5B007EBC2C /* LoginViewController.swift in Sources */ = {isa = PBXBuildFile; fileRef = 838A944820CCDE5B007EBC2C /* LoginViewController.swift */; };
		83A5B9D620CDFE8400D0ED18 /* SnapKit.framework in Frameworks */ = {isa = PBXBuildFile; fileRef = 83A5B9D520CDFE8400D0ED18 /* SnapKit.framework */; };
		83A5B9DA20CE069100D0ED18 /* LoginPresenter.swift in Sources */ = {isa = PBXBuildFile; fileRef = 83A5B9D920CE069100D0ED18 /* LoginPresenter.swift */; };
		83A5B9DC20CE07D800D0ED18 /* LoginConfigurator.swift in Sources */ = {isa = PBXBuildFile; fileRef = 83A5B9DB20CE07D800D0ED18 /* LoginConfigurator.swift */; };
		83A5B9E620CE0E8F00D0ED18 /* DisplayableError.swift in Sources */ = {isa = PBXBuildFile; fileRef = 83A5B9E520CE0E8F00D0ED18 /* DisplayableError.swift */; };
		83CBAACB20D3062700C8630D /* Alamofire.framework in Frameworks */ = {isa = PBXBuildFile; fileRef = 83CBAAC720D3062700C8630D /* Alamofire.framework */; };
		83CBAACC20D3062700C8630D /* Moya.framework in Frameworks */ = {isa = PBXBuildFile; fileRef = 83CBAAC820D3062700C8630D /* Moya.framework */; };
		83CBAACD20D3062700C8630D /* Swinject.framework in Frameworks */ = {isa = PBXBuildFile; fileRef = 83CBAAC920D3062700C8630D /* Swinject.framework */; };
		83CBAACE20D3062700C8630D /* SwinjectStoryboard.framework in Frameworks */ = {isa = PBXBuildFile; fileRef = 83CBAACA20D3062700C8630D /* SwinjectStoryboard.framework */; };
		83CBAAD020D3071400C8630D /* Result.framework in Frameworks */ = {isa = PBXBuildFile; fileRef = 83CBAACF20D3071400C8630D /* Result.framework */; };
		83CBAAD820D3099000C8630D /* ShortUrlModel.swift in Sources */ = {isa = PBXBuildFile; fileRef = 83CBAAD720D3099000C8630D /* ShortUrlModel.swift */; };
		83CBAADA20D309FE00C8630D /* UrlRemoteDataSource.swift in Sources */ = {isa = PBXBuildFile; fileRef = 83CBAAD920D309FE00C8630D /* UrlRemoteDataSource.swift */; };
		83CBAADC20D30A0A00C8630D /* UrlRepository.swift in Sources */ = {isa = PBXBuildFile; fileRef = 83CBAADB20D30A0A00C8630D /* UrlRepository.swift */; };
		83CBAAE020D30B2B00C8630D /* UrlTarget.swift in Sources */ = {isa = PBXBuildFile; fileRef = 83CBAADF20D30B2B00C8630D /* UrlTarget.swift */; };
		83CBAAE220D30D7B00C8630D /* GetShortenerUrlUseCase.swift in Sources */ = {isa = PBXBuildFile; fileRef = 83CBAAE120D30D7B00C8630D /* GetShortenerUrlUseCase.swift */; };
		83DA7D6B20CCC49D001B2002 /* AppDelegate.swift in Sources */ = {isa = PBXBuildFile; fileRef = 83DA7D6A20CCC49D001B2002 /* AppDelegate.swift */; };
		83DA7D6D20CCC49D001B2002 /* ViewController.swift in Sources */ = {isa = PBXBuildFile; fileRef = 83DA7D6C20CCC49D001B2002 /* ViewController.swift */; };
		83DA7D7020CCC49D001B2002 /* Main.storyboard in Resources */ = {isa = PBXBuildFile; fileRef = 83DA7D6E20CCC49D001B2002 /* Main.storyboard */; };
		83DA7D7220CCC4A3001B2002 /* Assets.xcassets in Resources */ = {isa = PBXBuildFile; fileRef = 83DA7D7120CCC4A3001B2002 /* Assets.xcassets */; };
		83DA7D7520CCC4A3001B2002 /* LaunchScreen.storyboard in Resources */ = {isa = PBXBuildFile; fileRef = 83DA7D7320CCC4A3001B2002 /* LaunchScreen.storyboard */; };
		83DA7D8020CCC4A3001B2002 /* ThingTests.swift in Sources */ = {isa = PBXBuildFile; fileRef = 83DA7D7F20CCC4A3001B2002 /* ThingTests.swift */; };
		83DA7D8B20CCC4A3001B2002 /* ThingUITests.swift in Sources */ = {isa = PBXBuildFile; fileRef = 83DA7D8A20CCC4A3001B2002 /* ThingUITests.swift */; };
/* End PBXBuildFile section */

/* Begin PBXContainerItemProxy section */
		83DA7D7C20CCC4A3001B2002 /* PBXContainerItemProxy */ = {
			isa = PBXContainerItemProxy;
			containerPortal = 83DA7D5F20CCC49C001B2002 /* Project object */;
			proxyType = 1;
			remoteGlobalIDString = 83DA7D6620CCC49C001B2002;
			remoteInfo = Thing;
		};
		83DA7D8720CCC4A3001B2002 /* PBXContainerItemProxy */ = {
			isa = PBXContainerItemProxy;
			containerPortal = 83DA7D5F20CCC49C001B2002 /* Project object */;
			proxyType = 1;
			remoteGlobalIDString = 83DA7D6620CCC49C001B2002;
			remoteInfo = Thing;
		};
/* End PBXContainerItemProxy section */

/* Begin PBXFileReference section */
		8322DF0A20D0C2F5003F7541 /* ErrorDisplayerView.swift */ = {isa = PBXFileReference; lastKnownFileType = sourcecode.swift; path = ErrorDisplayerView.swift; sourceTree = "<group>"; };
		8322DF0C20D0CAB8003F7541 /* LoginRouter.swift */ = {isa = PBXFileReference; lastKnownFileType = sourcecode.swift; path = LoginRouter.swift; sourceTree = "<group>"; };
		834F9D5020D31FAC0052D9EC /* ShortenerViewController.swift */ = {isa = PBXFileReference; lastKnownFileType = sourcecode.swift; path = ShortenerViewController.swift; sourceTree = "<group>"; };
		834F9D5220D31FBF0052D9EC /* ShortenerPresenter.swift */ = {isa = PBXFileReference; lastKnownFileType = sourcecode.swift; path = ShortenerPresenter.swift; sourceTree = "<group>"; };
		834F9D5420D320340052D9EC /* ShortenerViewModels.swift */ = {isa = PBXFileReference; lastKnownFileType = sourcecode.swift; path = ShortenerViewModels.swift; sourceTree = "<group>"; };
		834F9D5920D323A10052D9EC /* ShortenerRouter.swift */ = {isa = PBXFileReference; lastKnownFileType = sourcecode.swift; path = ShortenerRouter.swift; sourceTree = "<group>"; };
		834F9D5C20D326090052D9EC /* GetShortenerUrlError.swift */ = {isa = PBXFileReference; lastKnownFileType = sourcecode.swift; path = GetShortenerUrlError.swift; sourceTree = "<group>"; };
		834F9D5E20D326B10052D9EC /* ErrorPresenter.swift */ = {isa = PBXFileReference; lastKnownFileType = sourcecode.swift; path = ErrorPresenter.swift; sourceTree = "<group>"; };
		834F9D6120D329830052D9EC /* HTTPError.swift */ = {isa = PBXFileReference; lastKnownFileType = sourcecode.swift; path = HTTPError.swift; sourceTree = "<group>"; };
		834F9D6420D33B910052D9EC /* Result.swift */ = {isa = PBXFileReference; lastKnownFileType = sourcecode.swift; path = Result.swift; sourceTree = "<group>"; };
		834F9D6620D33EB30052D9EC /* DependencyInjection.swift */ = {isa = PBXFileReference; lastKnownFileType = sourcecode.swift; path = DependencyInjection.swift; sourceTree = "<group>"; };
		834F9D6820D33ED80052D9EC /* ShortenerConfigurator.swift */ = {isa = PBXFileReference; lastKnownFileType = sourcecode.swift; path = ShortenerConfigurator.swift; sourceTree = "<group>"; };
		834F9D6C20D341890052D9EC /* Swinject+DependencyInjection.swift */ = {isa = PBXFileReference; lastKnownFileType = sourcecode.swift; path = "Swinject+DependencyInjection.swift"; sourceTree = "<group>"; };
		83769A6B20D3CEDF00E1BE5D /* IQKeyboardManager.framework */ = {isa = PBXFileReference; lastKnownFileType = wrapper.framework; name = IQKeyboardManager.framework; path = Carthage/Build/iOS/IQKeyboardManager.framework; sourceTree = "<group>"; };
		83769A6C20D3CEDF00E1BE5D /* IQKeyboardManagerSwift.framework */ = {isa = PBXFileReference; lastKnownFileType = wrapper.framework; name = IQKeyboardManagerSwift.framework; path = Carthage/Build/iOS/IQKeyboardManagerSwift.framework; sourceTree = "<group>"; };
		83769A7220D3DC0000E1BE5D /* JSONEncoding.swift */ = {isa = PBXFileReference; lastKnownFileType = sourcecode.swift; path = JSONEncoding.swift; sourceTree = "<group>"; };
		83769A7520D3E14000E1BE5D /* Moya+Decodable.swift */ = {isa = PBXFileReference; lastKnownFileType = sourcecode.swift; path = "Moya+Decodable.swift"; sourceTree = "<group>"; };
		838A944820CCDE5B007EBC2C /* LoginViewController.swift */ = {isa = PBXFileReference; lastKnownFileType = sourcecode.swift; path = LoginViewController.swift; sourceTree = "<group>"; };
		83A5B9D520CDFE8400D0ED18 /* SnapKit.framework */ = {isa = PBXFileReference; lastKnownFileType = wrapper.framework; name = SnapKit.framework; path = Carthage/Build/iOS/SnapKit.framework; sourceTree = "<group>"; };
		83A5B9D920CE069100D0ED18 /* LoginPresenter.swift */ = {isa = PBXFileReference; lastKnownFileType = sourcecode.swift; path = LoginPresenter.swift; sourceTree = "<group>"; };
		83A5B9DB20CE07D800D0ED18 /* LoginConfigurator.swift */ = {isa = PBXFileReference; lastKnownFileType = sourcecode.swift; path = LoginConfigurator.swift; sourceTree = "<group>"; };
		83A5B9E520CE0E8F00D0ED18 /* DisplayableError.swift */ = {isa = PBXFileReference; lastKnownFileType = sourcecode.swift; path = DisplayableError.swift; sourceTree = "<group>"; };
		83CBAAC720D3062700C8630D /* Alamofire.framework */ = {isa = PBXFileReference; lastKnownFileType = wrapper.framework; name = Alamofire.framework; path = Carthage/Build/iOS/Alamofire.framework; sourceTree = "<group>"; };
		83CBAAC820D3062700C8630D /* Moya.framework */ = {isa = PBXFileReference; lastKnownFileType = wrapper.framework; name = Moya.framework; path = Carthage/Build/iOS/Moya.framework; sourceTree = "<group>"; };
		83CBAAC920D3062700C8630D /* Swinject.framework */ = {isa = PBXFileReference; lastKnownFileType = wrapper.framework; name = Swinject.framework; path = Carthage/Build/iOS/Swinject.framework; sourceTree = "<group>"; };
		83CBAACA20D3062700C8630D /* SwinjectStoryboard.framework */ = {isa = PBXFileReference; lastKnownFileType = wrapper.framework; name = SwinjectStoryboard.framework; path = Carthage/Build/iOS/SwinjectStoryboard.framework; sourceTree = "<group>"; };
		83CBAACF20D3071400C8630D /* Result.framework */ = {isa = PBXFileReference; lastKnownFileType = wrapper.framework; name = Result.framework; path = Carthage/Build/iOS/Result.framework; sourceTree = "<group>"; };
		83CBAAD720D3099000C8630D /* ShortUrlModel.swift */ = {isa = PBXFileReference; lastKnownFileType = sourcecode.swift; path = ShortUrlModel.swift; sourceTree = "<group>"; };
		83CBAAD920D309FE00C8630D /* UrlRemoteDataSource.swift */ = {isa = PBXFileReference; lastKnownFileType = sourcecode.swift; path = UrlRemoteDataSource.swift; sourceTree = "<group>"; };
		83CBAADB20D30A0A00C8630D /* UrlRepository.swift */ = {isa = PBXFileReference; lastKnownFileType = sourcecode.swift; path = UrlRepository.swift; sourceTree = "<group>"; };
		83CBAADF20D30B2B00C8630D /* UrlTarget.swift */ = {isa = PBXFileReference; lastKnownFileType = sourcecode.swift; path = UrlTarget.swift; sourceTree = "<group>"; };
		83CBAAE120D30D7B00C8630D /* GetShortenerUrlUseCase.swift */ = {isa = PBXFileReference; lastKnownFileType = sourcecode.swift; path = GetShortenerUrlUseCase.swift; sourceTree = "<group>"; };
		83DA7D6720CCC49C001B2002 /* Thing.app */ = {isa = PBXFileReference; explicitFileType = wrapper.application; includeInIndex = 0; path = Thing.app; sourceTree = BUILT_PRODUCTS_DIR; };
		83DA7D6A20CCC49D001B2002 /* AppDelegate.swift */ = {isa = PBXFileReference; lastKnownFileType = sourcecode.swift; path = AppDelegate.swift; sourceTree = "<group>"; };
		83DA7D6C20CCC49D001B2002 /* ViewController.swift */ = {isa = PBXFileReference; lastKnownFileType = sourcecode.swift; path = ViewController.swift; sourceTree = "<group>"; };
		83DA7D6F20CCC49D001B2002 /* Base */ = {isa = PBXFileReference; lastKnownFileType = file.storyboard; name = Base; path = Base.lproj/Main.storyboard; sourceTree = "<group>"; };
		83DA7D7120CCC4A3001B2002 /* Assets.xcassets */ = {isa = PBXFileReference; lastKnownFileType = folder.assetcatalog; path = Assets.xcassets; sourceTree = "<group>"; };
		83DA7D7420CCC4A3001B2002 /* Base */ = {isa = PBXFileReference; lastKnownFileType = file.storyboard; name = Base; path = Base.lproj/LaunchScreen.storyboard; sourceTree = "<group>"; };
		83DA7D7620CCC4A3001B2002 /* Info.plist */ = {isa = PBXFileReference; lastKnownFileType = text.plist.xml; path = Info.plist; sourceTree = "<group>"; };
		83DA7D7B20CCC4A3001B2002 /* ThingTests.xctest */ = {isa = PBXFileReference; explicitFileType = wrapper.cfbundle; includeInIndex = 0; path = ThingTests.xctest; sourceTree = BUILT_PRODUCTS_DIR; };
		83DA7D7F20CCC4A3001B2002 /* ThingTests.swift */ = {isa = PBXFileReference; lastKnownFileType = sourcecode.swift; path = ThingTests.swift; sourceTree = "<group>"; };
		83DA7D8120CCC4A3001B2002 /* Info.plist */ = {isa = PBXFileReference; lastKnownFileType = text.plist.xml; path = Info.plist; sourceTree = "<group>"; };
		83DA7D8620CCC4A3001B2002 /* ThingUITests.xctest */ = {isa = PBXFileReference; explicitFileType = wrapper.cfbundle; includeInIndex = 0; path = ThingUITests.xctest; sourceTree = BUILT_PRODUCTS_DIR; };
		83DA7D8A20CCC4A3001B2002 /* ThingUITests.swift */ = {isa = PBXFileReference; lastKnownFileType = sourcecode.swift; path = ThingUITests.swift; sourceTree = "<group>"; };
		83DA7D8C20CCC4A3001B2002 /* Info.plist */ = {isa = PBXFileReference; lastKnownFileType = text.plist.xml; path = Info.plist; sourceTree = "<group>"; };
		83DA7D9920CCCBDD001B2002 /* RxCocoa.framework */ = {isa = PBXFileReference; lastKnownFileType = wrapper.framework; name = RxCocoa.framework; path = Carthage/Build/iOS/RxCocoa.framework; sourceTree = "<group>"; };
		83DA7D9A20CCCBDD001B2002 /* RxSwift.framework */ = {isa = PBXFileReference; lastKnownFileType = wrapper.framework; name = RxSwift.framework; path = Carthage/Build/iOS/RxSwift.framework; sourceTree = "<group>"; };
		83DA7D9C20CCCBDE001B2002 /* RxBlocking.framework */ = {isa = PBXFileReference; lastKnownFileType = wrapper.framework; name = RxBlocking.framework; path = Carthage/Build/iOS/RxBlocking.framework; sourceTree = "<group>"; };
/* End PBXFileReference section */

/* Begin PBXFrameworksBuildPhase section */
		83DA7D6420CCC49C001B2002 /* Frameworks */ = {
			isa = PBXFrameworksBuildPhase;
			buildActionMask = 2147483647;
			files = (
				83769A6D20D3CEDF00E1BE5D /* IQKeyboardManager.framework in Frameworks */,
				83769A6E20D3CEDF00E1BE5D /* IQKeyboardManagerSwift.framework in Frameworks */,
				83CBAAD020D3071400C8630D /* Result.framework in Frameworks */,
				83CBAACB20D3062700C8630D /* Alamofire.framework in Frameworks */,
				83CBAACC20D3062700C8630D /* Moya.framework in Frameworks */,
				83CBAACD20D3062700C8630D /* Swinject.framework in Frameworks */,
				83CBAACE20D3062700C8630D /* SwinjectStoryboard.framework in Frameworks */,
				83A5B9D620CDFE8400D0ED18 /* SnapKit.framework in Frameworks */,
				838A943D20CCCFDB007EBC2C /* RxBlocking.framework in Frameworks */,
				838A943E20CCCFDB007EBC2C /* RxCocoa.framework in Frameworks */,
				838A943F20CCCFDB007EBC2C /* RxSwift.framework in Frameworks */,
			);
			runOnlyForDeploymentPostprocessing = 0;
		};
		83DA7D7820CCC4A3001B2002 /* Frameworks */ = {
			isa = PBXFrameworksBuildPhase;
			buildActionMask = 2147483647;
			files = (
			);
			runOnlyForDeploymentPostprocessing = 0;
		};
		83DA7D8320CCC4A3001B2002 /* Frameworks */ = {
			isa = PBXFrameworksBuildPhase;
			buildActionMask = 2147483647;
			files = (
			);
			runOnlyForDeploymentPostprocessing = 0;
		};
/* End PBXFrameworksBuildPhase section */

/* Begin PBXGroup section */
		834F9D4F20D31F940052D9EC /* Shortener */ = {
			isa = PBXGroup;
			children = (
				834F9D5220D31FBF0052D9EC /* ShortenerPresenter.swift */,
				834F9D5920D323A10052D9EC /* ShortenerRouter.swift */,
				834F9D6820D33ED80052D9EC /* ShortenerConfigurator.swift */,
				834F9D5020D31FAC0052D9EC /* ShortenerViewController.swift */,
				834F9D5420D320340052D9EC /* ShortenerViewModels.swift */,
			);
			path = Shortener;
			sourceTree = "<group>";
		};
		834F9D5B20D325FE0052D9EC /* Error */ = {
			isa = PBXGroup;
			children = (
				834F9D5C20D326090052D9EC /* GetShortenerUrlError.swift */,
			);
			path = Error;
			sourceTree = "<group>";
		};
		834F9D6020D327050052D9EC /* Error */ = {
			isa = PBXGroup;
			children = (
				834F9D6120D329830052D9EC /* HTTPError.swift */,
			);
			path = Error;
			sourceTree = "<group>";
		};
		834F9D6320D33B8B0052D9EC /* Common */ = {
			isa = PBXGroup;
			children = (
				834F9D6420D33B910052D9EC /* Result.swift */,
			);
			path = Common;
			sourceTree = "<group>";
		};
		834F9D6A20D341260052D9EC /* Configuration */ = {
			isa = PBXGroup;
			children = (
				834F9D6B20D341310052D9EC /* Dependency Injection */,
			);
			path = Configuration;
			sourceTree = "<group>";
		};
		834F9D6B20D341310052D9EC /* Dependency Injection */ = {
			isa = PBXGroup;
			children = (
				834F9D6C20D341890052D9EC /* Swinject+DependencyInjection.swift */,
				834F9D6620D33EB30052D9EC /* DependencyInjection.swift */,
			);
			path = "Dependency Injection";
			sourceTree = "<group>";
		};
		83769A7420D3E13700E1BE5D /* Common */ = {
			isa = PBXGroup;
			children = (
				83769A7520D3E14000E1BE5D /* Moya+Decodable.swift */,
				83769A7220D3DC0000E1BE5D /* JSONEncoding.swift */,
			);
			path = Common;
			sourceTree = "<group>";
		};
		838A944520CCDE39007EBC2C /* Login */ = {
			isa = PBXGroup;
			children = (
				83A5B9DB20CE07D800D0ED18 /* LoginConfigurator.swift */,
				83A5B9D920CE069100D0ED18 /* LoginPresenter.swift */,
				8322DF0C20D0CAB8003F7541 /* LoginRouter.swift */,
				838A944820CCDE5B007EBC2C /* LoginViewController.swift */,
			);
			path = Login;
			sourceTree = "<group>";
		};
		838A945620CD7A92007EBC2C /* Error */ = {
			isa = PBXGroup;
			children = (
				83A5B9E520CE0E8F00D0ED18 /* DisplayableError.swift */,
				8322DF0A20D0C2F5003F7541 /* ErrorDisplayerView.swift */,
				834F9D5E20D326B10052D9EC /* ErrorPresenter.swift */,
			);
			path = Error;
			sourceTree = "<group>";
		};
		83A5B9DD20CE098600D0ED18 /* Presentation */ = {
			isa = PBXGroup;
			children = (
				83A5B9DF20CE099300D0ED18 /* Common */,
				83A5B9DE20CE098C00D0ED18 /* UI */,
			);
			path = Presentation;
			sourceTree = "<group>";
		};
		83A5B9DE20CE098C00D0ED18 /* UI */ = {
			isa = PBXGroup;
			children = (
				834F9D4F20D31F940052D9EC /* Shortener */,
				838A944520CCDE39007EBC2C /* Login */,
			);
			path = UI;
			sourceTree = "<group>";
		};
		83A5B9DF20CE099300D0ED18 /* Common */ = {
			isa = PBXGroup;
			children = (
				838A945620CD7A92007EBC2C /* Error */,
			);
			path = Common;
			sourceTree = "<group>";
		};
		83CBAAD120D3084A00C8630D /* Data */ = {
			isa = PBXGroup;
			children = (
				834F9D6020D327050052D9EC /* Error */,
				83CBAAD420D3094100C8630D /* Remote */,
				83CBAAD320D3092F00C8630D /* Repository */,
			);
			path = Data;
			sourceTree = "<group>";
		};
		83CBAAD220D3084E00C8630D /* Domain */ = {
			isa = PBXGroup;
			children = (
				834F9D5B20D325FE0052D9EC /* Error */,
				83CBAAD520D3096100C8630D /* Model */,
				83CBAAD620D3097800C8630D /* Use Case */,
			);
			path = Domain;
			sourceTree = "<group>";
		};
		83CBAAD320D3092F00C8630D /* Repository */ = {
			isa = PBXGroup;
			children = (
				83CBAADB20D30A0A00C8630D /* UrlRepository.swift */,
			);
			path = Repository;
			sourceTree = "<group>";
		};
		83CBAAD420D3094100C8630D /* Remote */ = {
			isa = PBXGroup;
			children = (
				83769A7420D3E13700E1BE5D /* Common */,
				83CBAADE20D30B2000C8630D /* Endpoint */,
				83CBAAD920D309FE00C8630D /* UrlRemoteDataSource.swift */,
			);
			path = Remote;
			sourceTree = "<group>";
		};
		83CBAAD520D3096100C8630D /* Model */ = {
			isa = PBXGroup;
			children = (
				83CBAAD720D3099000C8630D /* ShortUrlModel.swift */,
			);
			path = Model;
			sourceTree = "<group>";
		};
		83CBAAD620D3097800C8630D /* Use Case */ = {
			isa = PBXGroup;
			children = (
				83CBAAE120D30D7B00C8630D /* GetShortenerUrlUseCase.swift */,
			);
			path = "Use Case";
			sourceTree = "<group>";
		};
		83CBAADE20D30B2000C8630D /* Endpoint */ = {
			isa = PBXGroup;
			children = (
				83CBAADF20D30B2B00C8630D /* UrlTarget.swift */,
			);
			path = Endpoint;
			sourceTree = "<group>";
		};
		83DA7D5E20CCC49C001B2002 = {
			isa = PBXGroup;
			children = (
				83DA7D6920CCC49C001B2002 /* Thing */,
				83DA7D7E20CCC4A3001B2002 /* ThingTests */,
				83DA7D8920CCC4A3001B2002 /* ThingUITests */,
				83DA7D6820CCC49C001B2002 /* Products */,
				83DA7D9820CCCBDD001B2002 /* Frameworks */,
			);
			sourceTree = "<group>";
		};
		83DA7D6820CCC49C001B2002 /* Products */ = {
			isa = PBXGroup;
			children = (
				83DA7D6720CCC49C001B2002 /* Thing.app */,
				83DA7D7B20CCC4A3001B2002 /* ThingTests.xctest */,
				83DA7D8620CCC4A3001B2002 /* ThingUITests.xctest */,
			);
			name = Products;
			sourceTree = "<group>";
		};
		83DA7D6920CCC49C001B2002 /* Thing */ = {
			isa = PBXGroup;
			children = (
				834F9D6A20D341260052D9EC /* Configuration */,
				834F9D6320D33B8B0052D9EC /* Common */,
				83CBAAD120D3084A00C8630D /* Data */,
				83CBAAD220D3084E00C8630D /* Domain */,
				83A5B9DD20CE098600D0ED18 /* Presentation */,
				83DA7D6A20CCC49D001B2002 /* AppDelegate.swift */,
				83DA7D6C20CCC49D001B2002 /* ViewController.swift */,
				83DA7D6E20CCC49D001B2002 /* Main.storyboard */,
				83DA7D7120CCC4A3001B2002 /* Assets.xcassets */,
				83DA7D7320CCC4A3001B2002 /* LaunchScreen.storyboard */,
				83DA7D7620CCC4A3001B2002 /* Info.plist */,
			);
			path = Thing;
			sourceTree = "<group>";
		};
		83DA7D7E20CCC4A3001B2002 /* ThingTests */ = {
			isa = PBXGroup;
			children = (
				83DA7D7F20CCC4A3001B2002 /* ThingTests.swift */,
				83DA7D8120CCC4A3001B2002 /* Info.plist */,
			);
			path = ThingTests;
			sourceTree = "<group>";
		};
		83DA7D8920CCC4A3001B2002 /* ThingUITests */ = {
			isa = PBXGroup;
			children = (
				83DA7D8A20CCC4A3001B2002 /* ThingUITests.swift */,
				83DA7D8C20CCC4A3001B2002 /* Info.plist */,
			);
			path = ThingUITests;
			sourceTree = "<group>";
		};
		83DA7D9820CCCBDD001B2002 /* Frameworks */ = {
			isa = PBXGroup;
			children = (
				83769A6B20D3CEDF00E1BE5D /* IQKeyboardManager.framework */,
				83769A6C20D3CEDF00E1BE5D /* IQKeyboardManagerSwift.framework */,
				83CBAACF20D3071400C8630D /* Result.framework */,
				83CBAAC720D3062700C8630D /* Alamofire.framework */,
				83CBAAC820D3062700C8630D /* Moya.framework */,
				83CBAAC920D3062700C8630D /* Swinject.framework */,
				83CBAACA20D3062700C8630D /* SwinjectStoryboard.framework */,
				83A5B9D520CDFE8400D0ED18 /* SnapKit.framework */,
				83DA7D9C20CCCBDE001B2002 /* RxBlocking.framework */,
				83DA7D9920CCCBDD001B2002 /* RxCocoa.framework */,
				83DA7D9A20CCCBDD001B2002 /* RxSwift.framework */,
			);
			name = Frameworks;
			sourceTree = "<group>";
		};
/* End PBXGroup section */

/* Begin PBXNativeTarget section */
		83DA7D6620CCC49C001B2002 /* Thing */ = {
			isa = PBXNativeTarget;
			buildConfigurationList = 83DA7D8F20CCC4A3001B2002 /* Build configuration list for PBXNativeTarget "Thing" */;
			buildPhases = (
				83DA7D6320CCC49C001B2002 /* Sources */,
				83DA7D6420CCC49C001B2002 /* Frameworks */,
				83DA7D6520CCC49C001B2002 /* Resources */,
				83DA7DA120CCCBFE001B2002 /* Run Script */,
			);
			buildRules = (
			);
			dependencies = (
			);
			name = Thing;
			productName = Thing;
			productReference = 83DA7D6720CCC49C001B2002 /* Thing.app */;
			productType = "com.apple.product-type.application";
		};
		83DA7D7A20CCC4A3001B2002 /* ThingTests */ = {
			isa = PBXNativeTarget;
			buildConfigurationList = 83DA7D9220CCC4A3001B2002 /* Build configuration list for PBXNativeTarget "ThingTests" */;
			buildPhases = (
				83DA7D7720CCC4A3001B2002 /* Sources */,
				83DA7D7820CCC4A3001B2002 /* Frameworks */,
				83DA7D7920CCC4A3001B2002 /* Resources */,
			);
			buildRules = (
			);
			dependencies = (
				83DA7D7D20CCC4A3001B2002 /* PBXTargetDependency */,
			);
			name = ThingTests;
			productName = ThingTests;
			productReference = 83DA7D7B20CCC4A3001B2002 /* ThingTests.xctest */;
			productType = "com.apple.product-type.bundle.unit-test";
		};
		83DA7D8520CCC4A3001B2002 /* ThingUITests */ = {
			isa = PBXNativeTarget;
			buildConfigurationList = 83DA7D9520CCC4A3001B2002 /* Build configuration list for PBXNativeTarget "ThingUITests" */;
			buildPhases = (
				83DA7D8220CCC4A3001B2002 /* Sources */,
				83DA7D8320CCC4A3001B2002 /* Frameworks */,
				83DA7D8420CCC4A3001B2002 /* Resources */,
			);
			buildRules = (
			);
			dependencies = (
				83DA7D8820CCC4A3001B2002 /* PBXTargetDependency */,
			);
			name = ThingUITests;
			productName = ThingUITests;
			productReference = 83DA7D8620CCC4A3001B2002 /* ThingUITests.xctest */;
			productType = "com.apple.product-type.bundle.ui-testing";
		};
/* End PBXNativeTarget section */

/* Begin PBXProject section */
		83DA7D5F20CCC49C001B2002 /* Project object */ = {
			isa = PBXProject;
			attributes = {
				LastSwiftUpdateCheck = 0940;
				LastUpgradeCheck = 0940;
				ORGANIZATIONNAME = "Daniele Boscolo";
				TargetAttributes = {
					83DA7D6620CCC49C001B2002 = {
						CreatedOnToolsVersion = 9.4;
					};
					83DA7D7A20CCC4A3001B2002 = {
						CreatedOnToolsVersion = 9.4;
						TestTargetID = 83DA7D6620CCC49C001B2002;
					};
					83DA7D8520CCC4A3001B2002 = {
						CreatedOnToolsVersion = 9.4;
						TestTargetID = 83DA7D6620CCC49C001B2002;
					};
				};
			};
			buildConfigurationList = 83DA7D6220CCC49C001B2002 /* Build configuration list for PBXProject "Thing" */;
			compatibilityVersion = "Xcode 9.3";
			developmentRegion = en;
			hasScannedForEncodings = 0;
			knownRegions = (
				en,
				Base,
			);
			mainGroup = 83DA7D5E20CCC49C001B2002;
			productRefGroup = 83DA7D6820CCC49C001B2002 /* Products */;
			projectDirPath = "";
			projectRoot = "";
			targets = (
				83DA7D6620CCC49C001B2002 /* Thing */,
				83DA7D7A20CCC4A3001B2002 /* ThingTests */,
				83DA7D8520CCC4A3001B2002 /* ThingUITests */,
			);
		};
/* End PBXProject section */

/* Begin PBXResourcesBuildPhase section */
		83DA7D6520CCC49C001B2002 /* Resources */ = {
			isa = PBXResourcesBuildPhase;
			buildActionMask = 2147483647;
			files = (
				83DA7D7520CCC4A3001B2002 /* LaunchScreen.storyboard in Resources */,
				83DA7D7220CCC4A3001B2002 /* Assets.xcassets in Resources */,
				83DA7D7020CCC49D001B2002 /* Main.storyboard in Resources */,
			);
			runOnlyForDeploymentPostprocessing = 0;
		};
		83DA7D7920CCC4A3001B2002 /* Resources */ = {
			isa = PBXResourcesBuildPhase;
			buildActionMask = 2147483647;
			files = (
			);
			runOnlyForDeploymentPostprocessing = 0;
		};
		83DA7D8420CCC4A3001B2002 /* Resources */ = {
			isa = PBXResourcesBuildPhase;
			buildActionMask = 2147483647;
			files = (
			);
			runOnlyForDeploymentPostprocessing = 0;
		};
/* End PBXResourcesBuildPhase section */

/* Begin PBXShellScriptBuildPhase section */
		83DA7DA120CCCBFE001B2002 /* Run Script */ = {
			isa = PBXShellScriptBuildPhase;
			buildActionMask = 2147483647;
			files = (
			);
			inputPaths = (
				"$(SRCROOT)/Carthage/Build/iOS/RxBlocking.framework",
				"$(SRCROOT)/Carthage/Build/iOS/RxCocoa.framework",
				"$(SRCROOT)/Carthage/Build/iOS/RxSwift.framework",
				"$(SRCROOT)/Carthage/Build/iOS/SnapKit.framework",
				"$(SRCROOT)/Carthage/Build/iOS/Alamofire.framework",
				"$(SRCROOT)/Carthage/Build/iOS/Moya.framework",
				"$(SRCROOT)/Carthage/Build/iOS/Swinject.framework",
				"$(SRCROOT)/Carthage/Build/iOS/SwinjectStoryboard.framework",
				"$(SRCROOT)/Carthage/Build/iOS/Result.framework",
				"$(SRCROOT)/Carthage/Build/iOS/IQKeyboardManager.framework",
				"$(SRCROOT)/Carthage/Build/iOS/IQKeyboardManagerSwift.framework",
			);
			name = "Run Script";
			outputPaths = (
			);
			runOnlyForDeploymentPostprocessing = 0;
			shellPath = /bin/sh;
			shellScript = "/usr/local/bin/carthage copy-frameworks\n";
		};
/* End PBXShellScriptBuildPhase section */

/* Begin PBXSourcesBuildPhase section */
		83DA7D6320CCC49C001B2002 /* Sources */ = {
			isa = PBXSourcesBuildPhase;
			buildActionMask = 2147483647;
			files = (
				834F9D5D20D326090052D9EC /* GetShortenerUrlError.swift in Sources */,
				83CBAAE220D30D7B00C8630D /* GetShortenerUrlUseCase.swift in Sources */,
				834F9D5320D31FBF0052D9EC /* ShortenerPresenter.swift in Sources */,
				83CBAADC20D30A0A00C8630D /* UrlRepository.swift in Sources */,
				83CBAAD820D3099000C8630D /* ShortUrlModel.swift in Sources */,
				838A944A20CCDE5B007EBC2C /* LoginViewController.swift in Sources */,
				834F9D5F20D326B10052D9EC /* ErrorPresenter.swift in Sources */,
				83769A7620D3E14000E1BE5D /* Moya+Decodable.swift in Sources */,
				83A5B9DC20CE07D800D0ED18 /* LoginConfigurator.swift in Sources */,
				834F9D5A20D323A10052D9EC /* ShortenerRouter.swift in Sources */,
				8322DF0B20D0C2F5003F7541 /* ErrorDisplayerView.swift in Sources */,
				834F9D6220D329830052D9EC /* HTTPError.swift in Sources */,
				83CBAADA20D309FE00C8630D /* UrlRemoteDataSource.swift in Sources */,
				83A5B9DA20CE069100D0ED18 /* LoginPresenter.swift in Sources */,
				83CBAAE020D30B2B00C8630D /* UrlTarget.swift in Sources */,
				834F9D6D20D341890052D9EC /* Swinject+DependencyInjection.swift in Sources */,
				83DA7D6D20CCC49D001B2002 /* ViewController.swift in Sources */,
				834F9D5520D320340052D9EC /* ShortenerViewModels.swift in Sources */,
				8322DF0D20D0CAB8003F7541 /* LoginRouter.swift in Sources */,
				83769A7320D3DC0000E1BE5D /* JSONEncoding.swift in Sources */,
				834F9D6720D33EB30052D9EC /* DependencyInjection.swift in Sources */,
				83A5B9E620CE0E8F00D0ED18 /* DisplayableError.swift in Sources */,
				834F9D6920D33ED80052D9EC /* ShortenerConfigurator.swift in Sources */,
				834F9D6520D33B910052D9EC /* Result.swift in Sources */,
				834F9D5120D31FAC0052D9EC /* ShortenerViewController.swift in Sources */,
				83DA7D6B20CCC49D001B2002 /* AppDelegate.swift in Sources */,
			);
			runOnlyForDeploymentPostprocessing = 0;
		};
		83DA7D7720CCC4A3001B2002 /* Sources */ = {
			isa = PBXSourcesBuildPhase;
			buildActionMask = 2147483647;
			files = (
				83DA7D8020CCC4A3001B2002 /* ThingTests.swift in Sources */,
			);
			runOnlyForDeploymentPostprocessing = 0;
		};
		83DA7D8220CCC4A3001B2002 /* Sources */ = {
			isa = PBXSourcesBuildPhase;
			buildActionMask = 2147483647;
			files = (
				83DA7D8B20CCC4A3001B2002 /* ThingUITests.swift in Sources */,
			);
			runOnlyForDeploymentPostprocessing = 0;
		};
/* End PBXSourcesBuildPhase section */

/* Begin PBXTargetDependency section */
		83DA7D7D20CCC4A3001B2002 /* PBXTargetDependency */ = {
			isa = PBXTargetDependency;
			target = 83DA7D6620CCC49C001B2002 /* Thing */;
			targetProxy = 83DA7D7C20CCC4A3001B2002 /* PBXContainerItemProxy */;
		};
		83DA7D8820CCC4A3001B2002 /* PBXTargetDependency */ = {
			isa = PBXTargetDependency;
			target = 83DA7D6620CCC49C001B2002 /* Thing */;
			targetProxy = 83DA7D8720CCC4A3001B2002 /* PBXContainerItemProxy */;
		};
/* End PBXTargetDependency section */

/* Begin PBXVariantGroup section */
		83DA7D6E20CCC49D001B2002 /* Main.storyboard */ = {
			isa = PBXVariantGroup;
			children = (
				83DA7D6F20CCC49D001B2002 /* Base */,
			);
			name = Main.storyboard;
			sourceTree = "<group>";
		};
		83DA7D7320CCC4A3001B2002 /* LaunchScreen.storyboard */ = {
			isa = PBXVariantGroup;
			children = (
				83DA7D7420CCC4A3001B2002 /* Base */,
			);
			name = LaunchScreen.storyboard;
			sourceTree = "<group>";
		};
/* End PBXVariantGroup section */

/* Begin XCBuildConfiguration section */
		83DA7D8D20CCC4A3001B2002 /* Debug */ = {
			isa = XCBuildConfiguration;
			buildSettings = {
				ALWAYS_SEARCH_USER_PATHS = NO;
				CLANG_ANALYZER_NONNULL = YES;
				CLANG_ANALYZER_NUMBER_OBJECT_CONVERSION = YES_AGGRESSIVE;
				CLANG_CXX_LANGUAGE_STANDARD = "gnu++14";
				CLANG_CXX_LIBRARY = "libc++";
				CLANG_ENABLE_MODULES = YES;
				CLANG_ENABLE_OBJC_ARC = YES;
				CLANG_ENABLE_OBJC_WEAK = YES;
				CLANG_WARN_BLOCK_CAPTURE_AUTORELEASING = YES;
				CLANG_WARN_BOOL_CONVERSION = YES;
				CLANG_WARN_COMMA = YES;
				CLANG_WARN_CONSTANT_CONVERSION = YES;
				CLANG_WARN_DEPRECATED_OBJC_IMPLEMENTATIONS = YES;
				CLANG_WARN_DIRECT_OBJC_ISA_USAGE = YES_ERROR;
				CLANG_WARN_DOCUMENTATION_COMMENTS = YES;
				CLANG_WARN_EMPTY_BODY = YES;
				CLANG_WARN_ENUM_CONVERSION = YES;
				CLANG_WARN_INFINITE_RECURSION = YES;
				CLANG_WARN_INT_CONVERSION = YES;
				CLANG_WARN_NON_LITERAL_NULL_CONVERSION = YES;
				CLANG_WARN_OBJC_IMPLICIT_RETAIN_SELF = YES;
				CLANG_WARN_OBJC_LITERAL_CONVERSION = YES;
				CLANG_WARN_OBJC_ROOT_CLASS = YES_ERROR;
				CLANG_WARN_RANGE_LOOP_ANALYSIS = YES;
				CLANG_WARN_STRICT_PROTOTYPES = YES;
				CLANG_WARN_SUSPICIOUS_MOVE = YES;
				CLANG_WARN_UNGUARDED_AVAILABILITY = YES_AGGRESSIVE;
				CLANG_WARN_UNREACHABLE_CODE = YES;
				CLANG_WARN__DUPLICATE_METHOD_MATCH = YES;
				CODE_SIGN_IDENTITY = "iPhone Developer";
				COPY_PHASE_STRIP = NO;
				DEBUG_INFORMATION_FORMAT = dwarf;
				ENABLE_STRICT_OBJC_MSGSEND = YES;
				ENABLE_TESTABILITY = YES;
				GCC_C_LANGUAGE_STANDARD = gnu11;
				GCC_DYNAMIC_NO_PIC = NO;
				GCC_NO_COMMON_BLOCKS = YES;
				GCC_OPTIMIZATION_LEVEL = 0;
				GCC_PREPROCESSOR_DEFINITIONS = (
					"DEBUG=1",
					"$(inherited)",
				);
				GCC_WARN_64_TO_32_BIT_CONVERSION = YES;
				GCC_WARN_ABOUT_RETURN_TYPE = YES_ERROR;
				GCC_WARN_UNDECLARED_SELECTOR = YES;
				GCC_WARN_UNINITIALIZED_AUTOS = YES_AGGRESSIVE;
				GCC_WARN_UNUSED_FUNCTION = YES;
				GCC_WARN_UNUSED_VARIABLE = YES;
				IPHONEOS_DEPLOYMENT_TARGET = 11.4;
				MTL_ENABLE_DEBUG_INFO = YES;
				ONLY_ACTIVE_ARCH = YES;
				SDKROOT = iphoneos;
				SWIFT_ACTIVE_COMPILATION_CONDITIONS = DEBUG;
				SWIFT_OPTIMIZATION_LEVEL = "-Onone";
			};
			name = Debug;
		};
		83DA7D8E20CCC4A3001B2002 /* Release */ = {
			isa = XCBuildConfiguration;
			buildSettings = {
				ALWAYS_SEARCH_USER_PATHS = NO;
				CLANG_ANALYZER_NONNULL = YES;
				CLANG_ANALYZER_NUMBER_OBJECT_CONVERSION = YES_AGGRESSIVE;
				CLANG_CXX_LANGUAGE_STANDARD = "gnu++14";
				CLANG_CXX_LIBRARY = "libc++";
				CLANG_ENABLE_MODULES = YES;
				CLANG_ENABLE_OBJC_ARC = YES;
				CLANG_ENABLE_OBJC_WEAK = YES;
				CLANG_WARN_BLOCK_CAPTURE_AUTORELEASING = YES;
				CLANG_WARN_BOOL_CONVERSION = YES;
				CLANG_WARN_COMMA = YES;
				CLANG_WARN_CONSTANT_CONVERSION = YES;
				CLANG_WARN_DEPRECATED_OBJC_IMPLEMENTATIONS = YES;
				CLANG_WARN_DIRECT_OBJC_ISA_USAGE = YES_ERROR;
				CLANG_WARN_DOCUMENTATION_COMMENTS = YES;
				CLANG_WARN_EMPTY_BODY = YES;
				CLANG_WARN_ENUM_CONVERSION = YES;
				CLANG_WARN_INFINITE_RECURSION = YES;
				CLANG_WARN_INT_CONVERSION = YES;
				CLANG_WARN_NON_LITERAL_NULL_CONVERSION = YES;
				CLANG_WARN_OBJC_IMPLICIT_RETAIN_SELF = YES;
				CLANG_WARN_OBJC_LITERAL_CONVERSION = YES;
				CLANG_WARN_OBJC_ROOT_CLASS = YES_ERROR;
				CLANG_WARN_RANGE_LOOP_ANALYSIS = YES;
				CLANG_WARN_STRICT_PROTOTYPES = YES;
				CLANG_WARN_SUSPICIOUS_MOVE = YES;
				CLANG_WARN_UNGUARDED_AVAILABILITY = YES_AGGRESSIVE;
				CLANG_WARN_UNREACHABLE_CODE = YES;
				CLANG_WARN__DUPLICATE_METHOD_MATCH = YES;
				CODE_SIGN_IDENTITY = "iPhone Developer";
				COPY_PHASE_STRIP = NO;
				DEBUG_INFORMATION_FORMAT = "dwarf-with-dsym";
				ENABLE_NS_ASSERTIONS = NO;
				ENABLE_STRICT_OBJC_MSGSEND = YES;
				GCC_C_LANGUAGE_STANDARD = gnu11;
				GCC_NO_COMMON_BLOCKS = YES;
				GCC_WARN_64_TO_32_BIT_CONVERSION = YES;
				GCC_WARN_ABOUT_RETURN_TYPE = YES_ERROR;
				GCC_WARN_UNDECLARED_SELECTOR = YES;
				GCC_WARN_UNINITIALIZED_AUTOS = YES_AGGRESSIVE;
				GCC_WARN_UNUSED_FUNCTION = YES;
				GCC_WARN_UNUSED_VARIABLE = YES;
				IPHONEOS_DEPLOYMENT_TARGET = 11.4;
				MTL_ENABLE_DEBUG_INFO = NO;
				SDKROOT = iphoneos;
				SWIFT_COMPILATION_MODE = wholemodule;
				SWIFT_OPTIMIZATION_LEVEL = "-O";
				VALIDATE_PRODUCT = YES;
			};
			name = Release;
		};
		83DA7D9020CCC4A3001B2002 /* Debug */ = {
			isa = XCBuildConfiguration;
			buildSettings = {
				ASSETCATALOG_COMPILER_APPICON_NAME = AppIcon;
				CODE_SIGN_STYLE = Automatic;
				DEVELOPMENT_TEAM = BZ2LF24KZ7;
				FRAMEWORK_SEARCH_PATHS = (
					"$(inherited)",
					"$(PROJECT_DIR)/Carthage/Build/iOS",
				);
				INFOPLIST_FILE = Thing/Info.plist;
				LD_RUNPATH_SEARCH_PATHS = (
					"$(inherited)",
					"@executable_path/Frameworks",
				);
				PRODUCT_BUNDLE_IDENTIFIER = com.damboscolo.Thing;
				PRODUCT_NAME = "$(TARGET_NAME)";
				SWIFT_VERSION = 4.0;
				TARGETED_DEVICE_FAMILY = "1,2";
			};
			name = Debug;
		};
		83DA7D9120CCC4A3001B2002 /* Release */ = {
			isa = XCBuildConfiguration;
			buildSettings = {
				ASSETCATALOG_COMPILER_APPICON_NAME = AppIcon;
				CODE_SIGN_STYLE = Automatic;
				DEVELOPMENT_TEAM = BZ2LF24KZ7;
				FRAMEWORK_SEARCH_PATHS = (
					"$(inherited)",
					"$(PROJECT_DIR)/Carthage/Build/iOS",
				);
				INFOPLIST_FILE = Thing/Info.plist;
				LD_RUNPATH_SEARCH_PATHS = (
					"$(inherited)",
					"@executable_path/Frameworks",
				);
				PRODUCT_BUNDLE_IDENTIFIER = com.damboscolo.Thing;
				PRODUCT_NAME = "$(TARGET_NAME)";
				SWIFT_VERSION = 4.0;
				TARGETED_DEVICE_FAMILY = "1,2";
			};
			name = Release;
		};
		83DA7D9320CCC4A3001B2002 /* Debug */ = {
			isa = XCBuildConfiguration;
			buildSettings = {
				ALWAYS_EMBED_SWIFT_STANDARD_LIBRARIES = YES;
				BUNDLE_LOADER = "$(TEST_HOST)";
				CODE_SIGN_STYLE = Automatic;
				DEVELOPMENT_TEAM = BZ2LF24KZ7;
				INFOPLIST_FILE = ThingTests/Info.plist;
				LD_RUNPATH_SEARCH_PATHS = (
					"$(inherited)",
					"@executable_path/Frameworks",
					"@loader_path/Frameworks",
				);
				PRODUCT_BUNDLE_IDENTIFIER = com.damboscolo.ThingTests;
				PRODUCT_NAME = "$(TARGET_NAME)";
				SWIFT_VERSION = 4.0;
				TARGETED_DEVICE_FAMILY = "1,2";
				TEST_HOST = "$(BUILT_PRODUCTS_DIR)/Thing.app/Thing";
			};
			name = Debug;
		};
		83DA7D9420CCC4A3001B2002 /* Release */ = {
			isa = XCBuildConfiguration;
			buildSettings = {
				ALWAYS_EMBED_SWIFT_STANDARD_LIBRARIES = YES;
				BUNDLE_LOADER = "$(TEST_HOST)";
				CODE_SIGN_STYLE = Automatic;
				DEVELOPMENT_TEAM = BZ2LF24KZ7;
				INFOPLIST_FILE = ThingTests/Info.plist;
				LD_RUNPATH_SEARCH_PATHS = (
					"$(inherited)",
					"@executable_path/Frameworks",
					"@loader_path/Frameworks",
				);
				PRODUCT_BUNDLE_IDENTIFIER = com.damboscolo.ThingTests;
				PRODUCT_NAME = "$(TARGET_NAME)";
				SWIFT_VERSION = 4.0;
				TARGETED_DEVICE_FAMILY = "1,2";
				TEST_HOST = "$(BUILT_PRODUCTS_DIR)/Thing.app/Thing";
			};
			name = Release;
		};
		83DA7D9620CCC4A3001B2002 /* Debug */ = {
			isa = XCBuildConfiguration;
			buildSettings = {
				ALWAYS_EMBED_SWIFT_STANDARD_LIBRARIES = YES;
				CODE_SIGN_STYLE = Automatic;
				DEVELOPMENT_TEAM = BZ2LF24KZ7;
				INFOPLIST_FILE = ThingUITests/Info.plist;
				LD_RUNPATH_SEARCH_PATHS = (
					"$(inherited)",
					"@executable_path/Frameworks",
					"@loader_path/Frameworks",
				);
				PRODUCT_BUNDLE_IDENTIFIER = com.damboscolo.ThingUITests;
				PRODUCT_NAME = "$(TARGET_NAME)";
				SWIFT_VERSION = 4.0;
				TARGETED_DEVICE_FAMILY = "1,2";
				TEST_TARGET_NAME = Thing;
			};
			name = Debug;
		};
		83DA7D9720CCC4A3001B2002 /* Release */ = {
			isa = XCBuildConfiguration;
			buildSettings = {
				ALWAYS_EMBED_SWIFT_STANDARD_LIBRARIES = YES;
				CODE_SIGN_STYLE = Automatic;
				DEVELOPMENT_TEAM = BZ2LF24KZ7;
				INFOPLIST_FILE = ThingUITests/Info.plist;
				LD_RUNPATH_SEARCH_PATHS = (
					"$(inherited)",
					"@executable_path/Frameworks",
					"@loader_path/Frameworks",
				);
				PRODUCT_BUNDLE_IDENTIFIER = com.damboscolo.ThingUITests;
				PRODUCT_NAME = "$(TARGET_NAME)";
				SWIFT_VERSION = 4.0;
				TARGETED_DEVICE_FAMILY = "1,2";
				TEST_TARGET_NAME = Thing;
			};
			name = Release;
		};
/* End XCBuildConfiguration section */

/* Begin XCConfigurationList section */
		83DA7D6220CCC49C001B2002 /* Build configuration list for PBXProject "Thing" */ = {
			isa = XCConfigurationList;
			buildConfigurations = (
				83DA7D8D20CCC4A3001B2002 /* Debug */,
				83DA7D8E20CCC4A3001B2002 /* Release */,
			);
			defaultConfigurationIsVisible = 0;
			defaultConfigurationName = Release;
		};
		83DA7D8F20CCC4A3001B2002 /* Build configuration list for PBXNativeTarget "Thing" */ = {
			isa = XCConfigurationList;
			buildConfigurations = (
				83DA7D9020CCC4A3001B2002 /* Debug */,
				83DA7D9120CCC4A3001B2002 /* Release */,
			);
			defaultConfigurationIsVisible = 0;
			defaultConfigurationName = Release;
		};
		83DA7D9220CCC4A3001B2002 /* Build configuration list for PBXNativeTarget "ThingTests" */ = {
			isa = XCConfigurationList;
			buildConfigurations = (
				83DA7D9320CCC4A3001B2002 /* Debug */,
				83DA7D9420CCC4A3001B2002 /* Release */,
			);
			defaultConfigurationIsVisible = 0;
			defaultConfigurationName = Release;
		};
		83DA7D9520CCC4A3001B2002 /* Build configuration list for PBXNativeTarget "ThingUITests" */ = {
			isa = XCConfigurationList;
			buildConfigurations = (
				83DA7D9620CCC4A3001B2002 /* Debug */,
				83DA7D9720CCC4A3001B2002 /* Release */,
			);
			defaultConfigurationIsVisible = 0;
			defaultConfigurationName = Release;
		};
/* End XCConfigurationList section */
	};
	rootObject = 83DA7D5F20CCC49C001B2002 /* Project object */;
}
